
Microsoft Visual Studio Solution File, Format Version 12.00
# Visual Studio 15
VisualStudioVersion = 15.0.28307.1259
MinimumVisualStudioVersion = 10.0.40219.1
Project("{FAE04EC0-301F-11D3-BF4B-00C04F79EFBC}") = "GHv2", "GHv2\GHv2.csproj", "{22464ED3-EAD2-40B6-87DE-217356FEEE4C}"
EndProject
Global
	GlobalSection(SolutionConfigurationPlatforms) = preSolution
		Debug|Any CPU = Debug|Any CPU
		Release|Any CPU = Release|Any CPU
	EndGlobalSection
	GlobalSection(ProjectConfigurationPlatforms) = postSolution
		{22464ED3-EAD2-40B6-87DE-217356FEEE4C}.Debug|Any CPU.ActiveCfg = Debug|Any CPU
		{22464ED3-EAD2-40B6-87DE-217356FEEE4C}.Debug|Any CPU.Build.0 = Debug|Any CPU
		{22464ED3-EAD2-40B6-87DE-217356FEEE4C}.Release|Any CPU.ActiveCfg = Release|Any CPU
		{22464ED3-EAD2-40B6-87DE-217356FEEE4C}.Release|Any CPU.Build.0 = Release|Any CPU
	EndGlobalSection
	GlobalSection(SolutionProperties) = preSolution
		HideSolutionNode = FALSE
	EndGlobalSection
	GlobalSection(ExtensibilityGlobals) = postSolution
		SolutionGuid = {DAA42BD2-3267-4A97-AA9E-D8D316B1F392}
	EndGlobalSection
EndGlobal
